// !$*UTF8*$!
{
	archiveVersion = 1;
	classes = {
	};
	objectVersion = 46;
	objects = {

/* Begin PBXBuildFile section */
		28536B461ACA805600FEDC7B /* main.m in Sources */ = {isa = PBXBuildFile; fileRef = 28536B451ACA805600FEDC7B /* main.m */; };
		28536B491ACA805600FEDC7B /* AppDelegate.m in Sources */ = {isa = PBXBuildFile; fileRef = 28536B481ACA805600FEDC7B /* AppDelegate.m */; };
		28536B4C1ACA805600FEDC7B /* ViewController.m in Sources */ = {isa = PBXBuildFile; fileRef = 28536B4B1ACA805600FEDC7B /* ViewController.m */; };
		28536B4F1ACA805600FEDC7B /* Main.storyboard in Resources */ = {isa = PBXBuildFile; fileRef = 28536B4D1ACA805600FEDC7B /* Main.storyboard */; };
		28536B511ACA805600FEDC7B /* Images.xcassets in Resources */ = {isa = PBXBuildFile; fileRef = 28536B501ACA805600FEDC7B /* Images.xcassets */; };
		28536B541ACA805600FEDC7B /* LaunchScreen.xib in Resources */ = {isa = PBXBuildFile; fileRef = 28536B521ACA805600FEDC7B /* LaunchScreen.xib */; };
		28536B601ACA805600FEDC7B /* _331HomeworkTests.m in Sources */ = {isa = PBXBuildFile; fileRef = 28536B5F1ACA805600FEDC7B /* _331HomeworkTests.m */; };
		28536B6B1ACA90B800FEDC7B /* SecondViewController.m in Sources */ = {isa = PBXBuildFile; fileRef = 28536B6A1ACA90B800FEDC7B /* SecondViewController.m */; };
/* End PBXBuildFile section */

/* Begin PBXContainerItemProxy section */
		28536B5A1ACA805600FEDC7B /* PBXContainerItemProxy */ = {
			isa = PBXContainerItemProxy;
			containerPortal = 28536B381ACA805600FEDC7B /* Project object */;
			proxyType = 1;
			remoteGlobalIDString = 28536B3F1ACA805600FEDC7B;
			remoteInfo = 0331Homework;
		};
/* End PBXContainerItemProxy section */

/* Begin PBXFileReference section */
		28536B401ACA805600FEDC7B /* 0331Homework.app */ = {isa = PBXFileReference; explicitFileType = wrapper.application; includeInIndex = 0; path = 0331Homework.app; sourceTree = BUILT_PRODUCTS_DIR; };
		28536B441ACA805600FEDC7B /* Info.plist */ = {isa = PBXFileReference; lastKnownFileType = text.plist.xml; path = Info.plist; sourceTree = "<group>"; };
		28536B451ACA805600FEDC7B /* main.m */ = {isa = PBXFileReference; lastKnownFileType = sourcecode.c.objc; path = main.m; sourceTree = "<group>"; };
		28536B471ACA805600FEDC7B /* AppDelegate.h */ = {isa = PBXFileReference; lastKnownFileType = sourcecode.c.h; path = AppDelegate.h; sourceTree = "<group>"; };
		28536B481ACA805600FEDC7B /* AppDelegate.m */ = {isa = PBXFileReference; lastKnownFileType = sourcecode.c.objc; path = AppDelegate.m; sourceTree = "<group>"; };
		28536B4A1ACA805600FEDC7B /* ViewController.h */ = {isa = PBXFileReference; lastKnownFileType = sourcecode.c.h; path = ViewController.h; sourceTree = "<group>"; };
		28536B4B1ACA805600FEDC7B /* ViewController.m */ = {isa = PBXFileReference; lastKnownFileType = sourcecode.c.objc; path = ViewController.m; sourceTree = "<group>"; };
		28536B4E1ACA805600FEDC7B /* Base */ = {isa = PBXFileReference; lastKnownFileType = file.storyboard; name = Base; path = Base.lproj/Main.storyboard; sourceTree = "<group>"; };
		28536B501ACA805600FEDC7B /* Images.xcassets */ = {isa = PBXFileReference; lastKnownFileType = folder.assetcatalog; path = Images.xcassets; sourceTree = "<group>"; };
		28536B531ACA805600FEDC7B /* Base */ = {isa = PBXFileReference; lastKnownFileType = file.xib; name = Base; path = Base.lproj/LaunchScreen.xib; sourceTree = "<group>"; };
		28536B591ACA805600FEDC7B /* 0331HomeworkTests.xctest */ = {isa = PBXFileReference; explicitFileType = wrapper.cfbundle; includeInIndex = 0; path = 0331HomeworkTests.xctest; sourceTree = BUILT_PRODUCTS_DIR; };
		28536B5E1ACA805600FEDC7B /* Info.plist */ = {isa = PBXFileReference; lastKnownFileType = text.plist.xml; path = Info.plist; sourceTree = "<group>"; };
		28536B5F1ACA805600FEDC7B /* _331HomeworkTests.m */ = {isa = PBXFileReference; lastKnownFileType = sourcecode.c.objc; path = _331HomeworkTests.m; sourceTree = "<group>"; };
		28536B691ACA90B800FEDC7B /* SecondViewController.h */ = {isa = PBXFileReference; fileEncoding = 4; lastKnownFileType = sourcecode.c.h; path = SecondViewController.h; sourceTree = "<group>"; };
		28536B6A1ACA90B800FEDC7B /* SecondViewController.m */ = {isa = PBXFileReference; fileEncoding = 4; lastKnownFileType = sourcecode.c.objc; path = SecondViewController.m; sourceTree = "<group>"; };
/* End PBXFileReference section */

/* Begin PBXFrameworksBuildPhase section */
		28536B3D1ACA805600FEDC7B /* Frameworks */ = {
			isa = PBXFrameworksBuildPhase;
			buildActionMask = 2147483647;
			files = (
			);
			runOnlyForDeploymentPostprocessing = 0;
		};
		28536B561ACA805600FEDC7B /* Frameworks */ = {
			isa = PBXFrameworksBuildPhase;
			buildActionMask = 2147483647;
			files = (
			);
			runOnlyForDeploymentPostprocessing = 0;
		};
/* End PBXFrameworksBuildPhase section */

/* Begin PBXGroup section */
		28536B371ACA805600FEDC7B = {
			isa = PBXGroup;
			children = (
				28536B421ACA805600FEDC7B /* 0331Homework */,
				28536B5C1ACA805600FEDC7B /* 0331HomeworkTests */,
				28536B411ACA805600FEDC7B /* Products */,
			);
			sourceTree = "<group>";
		};
		28536B411ACA805600FEDC7B /* Products */ = {
			isa = PBXGroup;
			children = (
				28536B401ACA805600FEDC7B /* 0331Homework.app */,
				28536B591ACA805600FEDC7B /* 0331HomeworkTests.xctest */,
			);
			name = Products;
			sourceTree = "<group>";
		};
		28536B421ACA805600FEDC7B /* 0331Homework */ = {
			isa = PBXGroup;
			children = (
				28536B471ACA805600FEDC7B /* AppDelegate.h */,
				28536B691ACA90B800FEDC7B /* SecondViewController.h */,
				28536B6A1ACA90B800FEDC7B /* SecondViewController.m */,
				28536B481ACA805600FEDC7B /* AppDelegate.m */,
				28536B4A1ACA805600FEDC7B /* ViewController.h */,
				28536B4B1ACA805600FEDC7B /* ViewController.m */,
				28536B4D1ACA805600FEDC7B /* Main.storyboard */,
				28536B501ACA805600FEDC7B /* Images.xcassets */,
				28536B521ACA805600FEDC7B /* LaunchScreen.xib */,
				28536B431ACA805600FEDC7B /* Supporting Files */,
			);
			path = 0331Homework;
			sourceTree = "<group>";
		};
		28536B431ACA805600FEDC7B /* Supporting Files */ = {
			isa = PBXGroup;
			children = (
				28536B441ACA805600FEDC7B /* Info.plist */,
				28536B451ACA805600FEDC7B /* main.m */,
			);
			name = "Supporting Files";
			sourceTree = "<group>";
		};
		28536B5C1ACA805600FEDC7B /* 0331HomeworkTests */ = {
			isa = PBXGroup;
			children = (
				28536B5F1ACA805600FEDC7B /* _331HomeworkTests.m */,
				28536B5D1ACA805600FEDC7B /* Supporting Files */,
			);
			path = 0331HomeworkTests;
			sourceTree = "<group>";
		};
		28536B5D1ACA805600FEDC7B /* Supporting Files */ = {
			isa = PBXGroup;
			children = (
				28536B5E1ACA805600FEDC7B /* Info.plist */,
			);
			name = "Supporting Files";
			sourceTree = "<group>";
		};
/* End PBXGroup section */

/* Begin PBXNativeTarget section */
		28536B3F1ACA805600FEDC7B /* 0331Homework */ = {
			isa = PBXNativeTarget;
			buildConfigurationList = 28536B631ACA805600FEDC7B /* Build configuration list for PBXNativeTarget "0331Homework" */;
			buildPhases = (
				28536B3C1ACA805600FEDC7B /* Sources */,
				28536B3D1ACA805600FEDC7B /* Frameworks */,
				28536B3E1ACA805600FEDC7B /* Resources */,
			);
			buildRules = (
			);
			dependencies = (
			);
			name = 0331Homework;
			productName = 0331Homework;
			productReference = 28536B401ACA805600FEDC7B /* 0331Homework.app */;
			productType = "com.apple.product-type.application";
		};
		28536B581ACA805600FEDC7B /* 0331HomeworkTests */ = {
			isa = PBXNativeTarget;
			buildConfigurationList = 28536B661ACA805600FEDC7B /* Build configuration list for PBXNativeTarget "0331HomeworkTests" */;
			buildPhases = (
				28536B551ACA805600FEDC7B /* Sources */,
				28536B561ACA805600FEDC7B /* Frameworks */,
				28536B571ACA805600FEDC7B /* Resources */,
			);
			buildRules = (
			);
			dependencies = (
				28536B5B1ACA805600FEDC7B /* PBXTargetDependency */,
			);
			name = 0331HomeworkTests;
			productName = 0331HomeworkTests;
			productReference = 28536B591ACA805600FEDC7B /* 0331HomeworkTests.xctest */;
			productType = "com.apple.product-type.bundle.unit-test";
		};
/* End PBXNativeTarget section */

/* Begin PBXProject section */
		28536B381ACA805600FEDC7B /* Project object */ = {
			isa = PBXProject;
			attributes = {
				LastUpgradeCheck = 0620;
				ORGANIZATIONNAME = NEIL;
				TargetAttributes = {
					28536B3F1ACA805600FEDC7B = {
						CreatedOnToolsVersion = 6.2;
					};
					28536B581ACA805600FEDC7B = {
						CreatedOnToolsVersion = 6.2;
						TestTargetID = 28536B3F1ACA805600FEDC7B;
					};
				};
			};
			buildConfigurationList = 28536B3B1ACA805600FEDC7B /* Build configuration list for PBXProject "0331Homework" */;
			compatibilityVersion = "Xcode 3.2";
			developmentRegion = English;
			hasScannedForEncodings = 0;
			knownRegions = (
				en,
				Base,
			);
			mainGroup = 28536B371ACA805600FEDC7B;
			productRefGroup = 28536B411ACA805600FEDC7B /* Products */;
			projectDirPath = "";
			projectRoot = "";
			targets = (
				28536B3F1ACA805600FEDC7B /* 0331Homework */,
				28536B581ACA805600FEDC7B /* 0331HomeworkTests */,
			);
		};
/* End PBXProject section */

/* Begin PBXResourcesBuildPhase section */
		28536B3E1ACA805600FEDC7B /* Resources */ = {
			isa = PBXResourcesBuildPhase;
			buildActionMask = 2147483647;
			files = (
				28536B4F1ACA805600FEDC7B /* Main.storyboard in Resources */,
				28536B541ACA805600FEDC7B /* LaunchScreen.xib in Resources */,
				28536B511ACA805600FEDC7B /* Images.xcassets in Resources */,
			);
			runOnlyForDeploymentPostprocessing = 0;
		};
		28536B571ACA805600FEDC7B /* Resources */ = {
			isa = PBXResourcesBuildPhase;
			buildActionMask = 2147483647;
			files = (
			);
			runOnlyForDeploymentPostprocessing = 0;
		};
/* End PBXResourcesBuildPhase section */

/* Begin PBXSourcesBuildPhase section */
		28536B3C1ACA805600FEDC7B /* Sources */ = {
			isa = PBXSourcesBuildPhase;
			buildActionMask = 2147483647;
			files = (
				28536B6B1ACA90B800FEDC7B /* SecondViewController.m in Sources */,
				28536B4C1ACA805600FEDC7B /* ViewController.m in Sources */,
				28536B491ACA805600FEDC7B /* AppDelegate.m in Sources */,
				28536B461ACA805600FEDC7B /* main.m in Sources */,
			);
			runOnlyForDeploymentPostprocessing = 0;
		};
		28536B551ACA805600FEDC7B /* Sources */ = {
			isa = PBXSourcesBuildPhase;
			buildActionMask = 2147483647;
			files = (
				28536B601ACA805600FEDC7B /* _331HomeworkTests.m in Sources */,
			);
			runOnlyForDeploymentPostprocessing = 0;
		};
/* End PBXSourcesBuildPhase section */

/* Begin PBXTargetDependency section */
		28536B5B1ACA805600FEDC7B /* PBXTargetDependency */ = {
			isa = PBXTargetDependency;
			target = 28536B3F1ACA805600FEDC7B /* 0331Homework */;
			targetProxy = 28536B5A1ACA805600FEDC7B /* PBXContainerItemProxy */;
		};
/* End PBXTargetDependency section */

/* Begin PBXVariantGroup section */
		28536B4D1ACA805600FEDC7B /* Main.storyboard */ = {
			isa = PBXVariantGroup;
			children = (
				28536B4E1ACA805600FEDC7B /* Base */,
			);
			name = Main.storyboard;
			sourceTree = "<group>";
		};
		28536B521ACA805600FEDC7B /* LaunchScreen.xib */ = {
			isa = PBXVariantGroup;
			children = (
				28536B531ACA805600FEDC7B /* Base */,
			);
			name = LaunchScreen.xib;
			sourceTree = "<group>";
		};
/* End PBXVariantGroup section */

/* Begin XCBuildConfiguration section */
		28536B611ACA805600FEDC7B /* Debug */ = {
			isa = XCBuildConfiguration;
			buildSettings = {
				ALWAYS_SEARCH_USER_PATHS = NO;
				CLANG_CXX_LANGUAGE_STANDARD = "gnu++0x";
				CLANG_CXX_LIBRARY = "libc++";
				CLANG_ENABLE_MODULES = YES;
				CLANG_ENABLE_OBJC_ARC = YES;
				CLANG_WARN_BOOL_CONVERSION = YES;
				CLANG_WARN_CONSTANT_CONVERSION = YES;
				CLANG_WARN_DIRECT_OBJC_ISA_USAGE = YES_ERROR;
				CLANG_WARN_EMPTY_BODY = YES;
				CLANG_WARN_ENUM_CONVERSION = YES;
				CLANG_WARN_INT_CONVERSION = YES;
				CLANG_WARN_OBJC_ROOT_CLASS = YES_ERROR;
				CLANG_WARN_UNREACHABLE_CODE = YES;
				CLANG_WARN__DUPLICATE_METHOD_MATCH = YES;
				"CODE_SIGN_IDENTITY[sdk=iphoneos*]" = "iPhone Developer";
				COPY_PHASE_STRIP = NO;
				ENABLE_STRICT_OBJC_MSGSEND = YES;
				GCC_C_LANGUAGE_STANDARD = gnu99;
				GCC_DYNAMIC_NO_PIC = NO;
				GCC_OPTIMIZATION_LEVEL = 0;
				GCC_PREPROCESSOR_DEFINITIONS = (
					"DEBUG=1",
					"$(inherited)",
				);
				GCC_SYMBOLS_PRIVATE_EXTERN = NO;
				GCC_WARN_64_TO_32_BIT_CONVERSION = YES;
				GCC_WARN_ABOUT_RETURN_TYPE = YES_ERROR;
				GCC_WARN_UNDECLARED_SELECTOR = YES;
				GCC_WARN_UNINITIALIZED_AUTOS = YES_AGGRESSIVE;
				GCC_WARN_UNUSED_FUNCTION = YES;
				GCC_WARN_UNUSED_VARIABLE = YES;
				IPHONEOS_DEPLOYMENT_TARGET = 8.2;
				MTL_ENABLE_DEBUG_INFO = YES;
				ONLY_ACTIVE_ARCH = YES;
				SDKROOT = iphoneos;
			};
			name = Debug;
		};
		28536B621ACA805600FEDC7B /* Release */ = {
			isa = XCBuildConfiguration;
			buildSettings = {
				ALWAYS_SEARCH_USER_PATHS = NO;
				CLANG_CXX_LANGUAGE_STANDARD = "gnu++0x";
				CLANG_CXX_LIBRARY = "libc++";
				CLANG_ENABLE_MODULES = YES;
				CLANG_ENABLE_OBJC_ARC = YES;
				CLANG_WARN_BOOL_CONVERSION = YES;
				CLANG_WARN_CONSTANT_CONVERSION = YES;
				CLANG_WARN_DIRECT_OBJC_ISA_USAGE = YES_ERROR;
				CLANG_WARN_EMPTY_BODY = YES;
				CLANG_WARN_ENUM_CONVERSION = YES;
				CLANG_WARN_INT_CONVERSION = YES;
				CLANG_WARN_OBJC_ROOT_CLASS = YES_ERROR;
				CLANG_WARN_UNREACHABLE_CODE = YES;
				CLANG_WARN__DUPLICATE_METHOD_MATCH = YES;
				"CODE_SIGN_IDENTITY[sdk=iphoneos*]" = "iPhone Developer";
				COPY_PHASE_STRIP = NO;
				ENABLE_NS_ASSERTIONS = NO;
				ENABLE_STRICT_OBJC_MSGSEND = YES;
				GCC_C_LANGUAGE_STANDARD = gnu99;
				GCC_WARN_64_TO_32_BIT_CONVERSION = YES;
				GCC_WARN_ABOUT_RETURN_TYPE = YES_ERROR;
				GCC_WARN_UNDECLARED_SELECTOR = YES;
				GCC_WARN_UNINITIALIZED_AUTOS = YES_AGGRESSIVE;
				GCC_WARN_UNUSED_FUNCTION = YES;
				GCC_WARN_UNUSED_VARIABLE = YES;
				IPHONEOS_DEPLOYMENT_TARGET = 8.2;
				MTL_ENABLE_DEBUG_INFO = NO;
				SDKROOT = iphoneos;
				VALIDATE_PRODUCT = YES;
			};
			name = Release;
		};
		28536B641ACA805600FEDC7B /* Debug */ = {
			isa = XCBuildConfiguration;
			buildSettings = {
				ASSETCATALOG_COMPILER_APPICON_NAME = AppIcon;
				INFOPLIST_FILE = 0331Homework/Info.plist;
				LD_RUNPATH_SEARCH_PATHS = "$(inherited) @executable_path/Frameworks";
				PRODUCT_NAME = "$(TARGET_NAME)";
			};
			name = Debug;
		};
		28536B651ACA805600FEDC7B /* Release */ = {
			isa = XCBuildConfiguration;
			buildSettings = {
				ASSETCATALOG_COMPILER_APPICON_NAME = AppIcon;
				INFOPLIST_FILE = 0331Homework/Info.plist;
				LD_RUNPATH_SEARCH_PATHS = "$(inherited) @executable_path/Frameworks";
				PRODUCT_NAME = "$(TARGET_NAME)";
			};
			name = Release;
		};
		28536B671ACA805600FEDC7B /* Debug */ = {
			isa = XCBuildConfiguration;
			buildSettings = {
				BUNDLE_LOADER = "$(TEST_HOST)";
				FRAMEWORK_SEARCH_PATHS = (
					"$(SDKROOT)/Developer/Library/Frameworks",
					"$(inherited)",
				);
				GCC_PREPROCESSOR_DEFINITIONS = (
					"DEBUG=1",
					"$(inherited)",
				);
				INFOPLIST_FILE = 0331HomeworkTests/Info.plist;
				LD_RUNPATH_SEARCH_PATHS = "$(inherited) @executable_path/Frameworks @loader_path/Frameworks";
				PRODUCT_NAME = "$(TARGET_NAME)";
				TEST_HOST = "$(BUILT_PRODUCTS_DIR)/0331Homework.app/0331Homework";
			};
			name = Debug;
		};
		28536B681ACA805600FEDC7B /* Release */ = {
			isa = XCBuildConfiguration;
			buildSettings = {
				BUNDLE_LOADER = "$(TEST_HOST)";
				FRAMEWORK_SEARCH_PATHS = (
					"$(SDKROOT)/Developer/Library/Frameworks",
					"$(inherited)",
				);
				INFOPLIST_FILE = 0331HomeworkTests/Info.plist;
				LD_RUNPATH_SEARCH_PATHS = "$(inherited) @executable_path/Frameworks @loader_path/Frameworks";
				PRODUCT_NAME = "$(TARGET_NAME)";
				TEST_HOST = "$(BUILT_PRODUCTS_DIR)/0331Homework.app/0331Homework";
			};
			name = Release;
		};
/* End XCBuildConfiguration section */

/* Begin XCConfigurationList section */
		28536B3B1ACA805600FEDC7B /* Build configuration list for PBXProject "0331Homework" */ = {
			isa = XCConfigurationList;
			buildConfigurations = (
				28536B611ACA805600FEDC7B /* Debug */,
				28536B621ACA805600FEDC7B /* Release */,
			);
			defaultConfigurationIsVisible = 0;
			defaultConfigurationName = Release;
		};
		28536B631ACA805600FEDC7B /* Build configuration list for PBXNativeTarget "0331Homework" */ = {
			isa = XCConfigurationList;
			buildConfigurations = (
				28536B641ACA805600FEDC7B /* Debug */,
				28536B651ACA805600FEDC7B /* Release */,
			);
			defaultConfigurationIsVisible = 0;
		};
		28536B661ACA805600FEDC7B /* Build configuration list for PBXNativeTarget "0331HomeworkTests" */ = {
			isa = XCConfigurationList;
			buildConfigurations = (
				28536B671ACA805600FEDC7B /* Debug */,
				28536B681ACA805600FEDC7B /* Release */,
			);
			defaultConfigurationIsVisible = 0;
		};
/* End XCConfigurationList section */
	};
	rootObject = 28536B381ACA805600FEDC7B /* Project object */;
}
